
Microsoft Visual Studio Solution File, Format Version 12.00
Project("{2150E333-8FDC-42A3-9474-1A3956D46DE8}") = "1-HelloWorld", "1-HelloWorld", "{327CD0B7-B543-4649-8B7B-C860D689317E}"
EndProject
Project("{FAE04EC0-301F-11D3-BF4B-00C04F79EFBC}") = "Publisher", "1-HelloWorld\Publisher\Publisher.csproj", "{98405478-E27E-4889-B85E-C2AB185B18EE}"
EndProject
Project("{FAE04EC0-301F-11D3-BF4B-00C04F79EFBC}") = "Consumer", "1-HelloWorld\Consumer\Consumer.csproj", "{3E1FC2A1-D1AB-47F0-97B4-024C8721860C}"
EndProject
Project("{2150E333-8FDC-42A3-9474-1A3956D46DE8}") = "2-WorkQueue", "2-WorkQueue", "{0133564E-EE9E-49E1-BDB3-5A67312FAEDF}"
EndProject
Project("{FAE04EC0-301F-11D3-BF4B-00C04F79EFBC}") = "Publisher", "2-WorkQueue\Publisher\Publisher.csproj", "{85D7F7FF-5488-4F8E-861A-DD7AFA5FC589}"
EndProject
Project("{FAE04EC0-301F-11D3-BF4B-00C04F79EFBC}") = "Consumer", "2-WorkQueue\Consumer\Consumer.csproj", "{D1D9C4ED-D700-4E26-821D-3D3C60235644}"
EndProject
Project("{2150E333-8FDC-42A3-9474-1A3956D46DE8}") = "3-Exchanges", "3-Exchanges", "{43376391-B975-4055-BA65-037DE875F026}"
EndProject
Project("{2150E333-8FDC-42A3-9474-1A3956D46DE8}") = "FanoutExchange", "FanoutExchange", "{37760231-35AB-4FB9-B3C7-9A5C62668A20}"
EndProject
Project("{FAE04EC0-301F-11D3-BF4B-00C04F79EFBC}") = "Consumer", "3-Exchanges\FanoutExchange\Consumer\Consumer.csproj", "{E00EF781-F923-4512-B69E-D1D0E57D80E2}"
EndProject
Project("{FAE04EC0-301F-11D3-BF4B-00C04F79EFBC}") = "Publisher", "3-Exchanges\FanoutExchange\Publisher\Publisher.csproj", "{185BE739-571F-4E21-9C21-55C6C498F725}"
EndProject
Project("{2150E333-8FDC-42A3-9474-1A3956D46DE8}") = "DirectExchange", "DirectExchange", "{395D8522-AAF5-4BBB-B2A4-7A076AA77EC2}"
EndProject
Project("{FAE04EC0-301F-11D3-BF4B-00C04F79EFBC}") = "Publisher", "3-Exchanges\DirectExchange\Publisher\Publisher.csproj", "{37FDEDBF-98C1-4E40-A2DB-85B3FC8CCC7B}"
EndProject
Project("{FAE04EC0-301F-11D3-BF4B-00C04F79EFBC}") = "Consumer", "3-Exchanges\DirectExchange\Consumer\Consumer.csproj", "{B7E27166-0264-4C5C-BBA1-4CF436DC4656}"
EndProject
Project("{2150E333-8FDC-42A3-9474-1A3956D46DE8}") = "TopicExchange", "TopicExchange", "{2C1DDC78-E66C-4339-B506-87FBDDC5329D}"
EndProject
Project("{FAE04EC0-301F-11D3-BF4B-00C04F79EFBC}") = "Publisher", "3-Exchanges\TopicExchange\Publisher\Publisher.csproj", "{CAC7828A-CC8B-4AFC-AF99-D8480273D683}"
EndProject
Project("{FAE04EC0-301F-11D3-BF4B-00C04F79EFBC}") = "Consumer", "3-Exchanges\TopicExchange\Consumer\Consumer.csproj", "{0824584C-2F89-4E2D-A2C9-33E1B866EA72}"
EndProject
Project("{2150E333-8FDC-42A3-9474-1A3956D46DE8}") = "HeaderExchange", "HeaderExchange", "{E68607B0-5E10-49BB-86FB-D00F6A8270B2}"
EndProject
Project("{FAE04EC0-301F-11D3-BF4B-00C04F79EFBC}") = "Consumer", "3-Exchanges\HeaderExchange\Consumer\Consumer.csproj", "{508645AF-17F5-4A46-A30F-49274F0CEA42}"
EndProject
Project("{FAE04EC0-301F-11D3-BF4B-00C04F79EFBC}") = "Publisher", "3-Exchanges\HeaderExchange\Publisher\Publisher.csproj", "{18BDF342-1196-49E3-97E4-BC8CE48EDA56}"
EndProject
Project("{2150E333-8FDC-42A3-9474-1A3956D46DE8}") = "4-WaterMark", "4-WaterMark", "{9E79613E-F2FA-4F5B-9137-A4696863DF91}"
EndProject
Project("{FAE04EC0-301F-11D3-BF4B-00C04F79EFBC}") = "RabbitMQWaterMark.Web", "4-WaterMark\RabbitMQWaterMark.Web\RabbitMQWaterMark.Web.csproj", "{63F428C7-4C60-44DA-AE56-5F8D00FC26C2}"
EndProject
Global
	GlobalSection(SolutionConfigurationPlatforms) = preSolution
		Debug|Any CPU = Debug|Any CPU
		Release|Any CPU = Release|Any CPU
	EndGlobalSection
	GlobalSection(NestedProjects) = preSolution
		{98405478-E27E-4889-B85E-C2AB185B18EE} = {327CD0B7-B543-4649-8B7B-C860D689317E}
		{3E1FC2A1-D1AB-47F0-97B4-024C8721860C} = {327CD0B7-B543-4649-8B7B-C860D689317E}
		{85D7F7FF-5488-4F8E-861A-DD7AFA5FC589} = {0133564E-EE9E-49E1-BDB3-5A67312FAEDF}
		{D1D9C4ED-D700-4E26-821D-3D3C60235644} = {0133564E-EE9E-49E1-BDB3-5A67312FAEDF}
		{37760231-35AB-4FB9-B3C7-9A5C62668A20} = {43376391-B975-4055-BA65-037DE875F026}
		{E00EF781-F923-4512-B69E-D1D0E57D80E2} = {37760231-35AB-4FB9-B3C7-9A5C62668A20}
		{185BE739-571F-4E21-9C21-55C6C498F725} = {37760231-35AB-4FB9-B3C7-9A5C62668A20}
		{395D8522-AAF5-4BBB-B2A4-7A076AA77EC2} = {43376391-B975-4055-BA65-037DE875F026}
		{37FDEDBF-98C1-4E40-A2DB-85B3FC8CCC7B} = {395D8522-AAF5-4BBB-B2A4-7A076AA77EC2}
		{B7E27166-0264-4C5C-BBA1-4CF436DC4656} = {395D8522-AAF5-4BBB-B2A4-7A076AA77EC2}
		{2C1DDC78-E66C-4339-B506-87FBDDC5329D} = {43376391-B975-4055-BA65-037DE875F026}
		{CAC7828A-CC8B-4AFC-AF99-D8480273D683} = {2C1DDC78-E66C-4339-B506-87FBDDC5329D}
		{0824584C-2F89-4E2D-A2C9-33E1B866EA72} = {2C1DDC78-E66C-4339-B506-87FBDDC5329D}
		{E68607B0-5E10-49BB-86FB-D00F6A8270B2} = {43376391-B975-4055-BA65-037DE875F026}
		{508645AF-17F5-4A46-A30F-49274F0CEA42} = {E68607B0-5E10-49BB-86FB-D00F6A8270B2}
		{18BDF342-1196-49E3-97E4-BC8CE48EDA56} = {E68607B0-5E10-49BB-86FB-D00F6A8270B2}
		{63F428C7-4C60-44DA-AE56-5F8D00FC26C2} = {9E79613E-F2FA-4F5B-9137-A4696863DF91}
	EndGlobalSection
	GlobalSection(ProjectConfigurationPlatforms) = postSolution
		{98405478-E27E-4889-B85E-C2AB185B18EE}.Debug|Any CPU.ActiveCfg = Debug|Any CPU
		{98405478-E27E-4889-B85E-C2AB185B18EE}.Debug|Any CPU.Build.0 = Debug|Any CPU
		{98405478-E27E-4889-B85E-C2AB185B18EE}.Release|Any CPU.ActiveCfg = Release|Any CPU
		{98405478-E27E-4889-B85E-C2AB185B18EE}.Release|Any CPU.Build.0 = Release|Any CPU
		{3E1FC2A1-D1AB-47F0-97B4-024C8721860C}.Debug|Any CPU.ActiveCfg = Debug|Any CPU
		{3E1FC2A1-D1AB-47F0-97B4-024C8721860C}.Debug|Any CPU.Build.0 = Debug|Any CPU
		{3E1FC2A1-D1AB-47F0-97B4-024C8721860C}.Release|Any CPU.ActiveCfg = Release|Any CPU
		{3E1FC2A1-D1AB-47F0-97B4-024C8721860C}.Release|Any CPU.Build.0 = Release|Any CPU
		{85D7F7FF-5488-4F8E-861A-DD7AFA5FC589}.Debug|Any CPU.ActiveCfg = Debug|Any CPU
		{85D7F7FF-5488-4F8E-861A-DD7AFA5FC589}.Debug|Any CPU.Build.0 = Debug|Any CPU
		{85D7F7FF-5488-4F8E-861A-DD7AFA5FC589}.Release|Any CPU.ActiveCfg = Release|Any CPU
		{85D7F7FF-5488-4F8E-861A-DD7AFA5FC589}.Release|Any CPU.Build.0 = Release|Any CPU
		{D1D9C4ED-D700-4E26-821D-3D3C60235644}.Debug|Any CPU.ActiveCfg = Debug|Any CPU
		{D1D9C4ED-D700-4E26-821D-3D3C60235644}.Debug|Any CPU.Build.0 = Debug|Any CPU
		{D1D9C4ED-D700-4E26-821D-3D3C60235644}.Release|Any CPU.ActiveCfg = Release|Any CPU
		{D1D9C4ED-D700-4E26-821D-3D3C60235644}.Release|Any CPU.Build.0 = Release|Any CPU
		{E00EF781-F923-4512-B69E-D1D0E57D80E2}.Debug|Any CPU.ActiveCfg = Debug|Any CPU
		{E00EF781-F923-4512-B69E-D1D0E57D80E2}.Debug|Any CPU.Build.0 = Debug|Any CPU
		{E00EF781-F923-4512-B69E-D1D0E57D80E2}.Release|Any CPU.ActiveCfg = Release|Any CPU
		{E00EF781-F923-4512-B69E-D1D0E57D80E2}.Release|Any CPU.Build.0 = Release|Any CPU
		{185BE739-571F-4E21-9C21-55C6C498F725}.Debug|Any CPU.ActiveCfg = Debug|Any CPU
		{185BE739-571F-4E21-9C21-55C6C498F725}.Debug|Any CPU.Build.0 = Debug|Any CPU
		{185BE739-571F-4E21-9C21-55C6C498F725}.Release|Any CPU.ActiveCfg = Release|Any CPU
		{185BE739-571F-4E21-9C21-55C6C498F725}.Release|Any CPU.Build.0 = Release|Any CPU
		{37FDEDBF-98C1-4E40-A2DB-85B3FC8CCC7B}.Debug|Any CPU.ActiveCfg = Debug|Any CPU
		{37FDEDBF-98C1-4E40-A2DB-85B3FC8CCC7B}.Debug|Any CPU.Build.0 = Debug|Any CPU
		{37FDEDBF-98C1-4E40-A2DB-85B3FC8CCC7B}.Release|Any CPU.ActiveCfg = Release|Any CPU
		{37FDEDBF-98C1-4E40-A2DB-85B3FC8CCC7B}.Release|Any CPU.Build.0 = Release|Any CPU
		{B7E27166-0264-4C5C-BBA1-4CF436DC4656}.Debug|Any CPU.ActiveCfg = Debug|Any CPU
		{B7E27166-0264-4C5C-BBA1-4CF436DC4656}.Debug|Any CPU.Build.0 = Debug|Any CPU
		{B7E27166-0264-4C5C-BBA1-4CF436DC4656}.Release|Any CPU.ActiveCfg = Release|Any CPU
		{B7E27166-0264-4C5C-BBA1-4CF436DC4656}.Release|Any CPU.Build.0 = Release|Any CPU
		{CAC7828A-CC8B-4AFC-AF99-D8480273D683}.Debug|Any CPU.ActiveCfg = Debug|Any CPU
		{CAC7828A-CC8B-4AFC-AF99-D8480273D683}.Debug|Any CPU.Build.0 = Debug|Any CPU
		{CAC7828A-CC8B-4AFC-AF99-D8480273D683}.Release|Any CPU.ActiveCfg = Release|Any CPU
		{CAC7828A-CC8B-4AFC-AF99-D8480273D683}.Release|Any CPU.Build.0 = Release|Any CPU
		{0824584C-2F89-4E2D-A2C9-33E1B866EA72}.Debug|Any CPU.ActiveCfg = Debug|Any CPU
		{0824584C-2F89-4E2D-A2C9-33E1B866EA72}.Debug|Any CPU.Build.0 = Debug|Any CPU
		{0824584C-2F89-4E2D-A2C9-33E1B866EA72}.Release|Any CPU.ActiveCfg = Release|Any CPU
		{0824584C-2F89-4E2D-A2C9-33E1B866EA72}.Release|Any CPU.Build.0 = Release|Any CPU
		{508645AF-17F5-4A46-A30F-49274F0CEA42}.Debug|Any CPU.ActiveCfg = Debug|Any CPU
		{508645AF-17F5-4A46-A30F-49274F0CEA42}.Debug|Any CPU.Build.0 = Debug|Any CPU
		{508645AF-17F5-4A46-A30F-49274F0CEA42}.Release|Any CPU.ActiveCfg = Release|Any CPU
		{508645AF-17F5-4A46-A30F-49274F0CEA42}.Release|Any CPU.Build.0 = Release|Any CPU
		{18BDF342-1196-49E3-97E4-BC8CE48EDA56}.Debug|Any CPU.ActiveCfg = Debug|Any CPU
		{18BDF342-1196-49E3-97E4-BC8CE48EDA56}.Debug|Any CPU.Build.0 = Debug|Any CPU
		{18BDF342-1196-49E3-97E4-BC8CE48EDA56}.Release|Any CPU.ActiveCfg = Release|Any CPU
		{18BDF342-1196-49E3-97E4-BC8CE48EDA56}.Release|Any CPU.Build.0 = Release|Any CPU
		{63F428C7-4C60-44DA-AE56-5F8D00FC26C2}.Debug|Any CPU.ActiveCfg = Debug|Any CPU
		{63F428C7-4C60-44DA-AE56-5F8D00FC26C2}.Debug|Any CPU.Build.0 = Debug|Any CPU
		{63F428C7-4C60-44DA-AE56-5F8D00FC26C2}.Release|Any CPU.ActiveCfg = Release|Any CPU
		{63F428C7-4C60-44DA-AE56-5F8D00FC26C2}.Release|Any CPU.Build.0 = Release|Any CPU
	EndGlobalSection
EndGlobal
